<?xml version="1.0" encoding="utf-8"?>
<Project ToolsVersion="4.0" xmlns="http://schemas.microsoft.com/developer/msbuild/2003">
  <ItemGroup>
    <Filter Include="Shared">
      <UniqueIdentifier>{2a63d423-15e3-4e54-ae5c-4ffba8c9c3f5}</UniqueIdentifier>
    </Filter>
    <Filter Include="Shared\Entities">
      <UniqueIdentifier>{16757376-d7b5-463b-8064-ae47349486d2}</UniqueIdentifier>
    </Filter>
    <Filter Include="Shared\Buffers">
      <UniqueIdentifier>{1d27f70d-db72-4c83-b1d6-2d8d689086ca}</UniqueIdentifier>
    </Filter>
    <Filter Include="Shared\Utils">
      <UniqueIdentifier>{f66c56b2-49e4-4f3b-8caa-fac86d0af27b}</UniqueIdentifier>
    </Filter>
    <Filter Include="Network">
      <UniqueIdentifier>{a2af344e-fbcd-4471-9b4d-0154edd55b33}</UniqueIdentifier>
    </Filter>
    <Filter Include="Graphics">
      <UniqueIdentifier>{f7304980-3743-441f-8837-f717620c9b1d}</UniqueIdentifier>
    </Filter>
    <Filter Include="Network\Game">
      <UniqueIdentifier>{68c292a9-93f5-4920-9c9c-90767e7401af}</UniqueIdentifier>
    </Filter>
    <Filter Include="Game">
      <UniqueIdentifier>{b9a775d5-f6cd-4c23-b62a-f0e246ee3d1c}</UniqueIdentifier>
    </Filter>
  </ItemGroup>
  <ItemGroup>
    <ClCompile Include="Main.cpp" />
    <ClCompile Include="..\Shared\BaseEntity.cpp">
      <Filter>Shared\Entities</Filter>
    </ClCompile>
    <ClCompile Include="..\Shared\PlayerEntity.cpp">
      <Filter>Shared\Entities</Filter>
    </ClCompile>
    <ClCompile Include="..\Shared\ProjectileEntity.cpp">
      <Filter>Shared\Entities</Filter>
    </ClCompile>
    <ClCompile Include="..\Shared\InBuffer.cpp">
      <Filter>Shared\Buffers</Filter>
    </ClCompile>
    <ClCompile Include="..\Shared\OutBuffer.cpp">
      <Filter>Shared\Buffers</Filter>
    </ClCompile>
    <ClCompile Include="..\Shared\maths.cpp">
      <Filter>Shared\Utils</Filter>
    </ClCompile>
    <ClCompile Include="Visualisation.cpp">
      <Filter>Graphics</Filter>
    </ClCompile>
    <ClCompile Include="Extrapolator.cpp">
      <Filter>Network\Game</Filter>
    </ClCompile>
    <ClCompile Include="Correction.cpp">
      <Filter>Network\Game</Filter>
    </ClCompile>
    <ClCompile Include="World.cpp">
      <Filter>Network\Game</Filter>
    </ClCompile>
    <ClCompile Include="Input.cpp">
      <Filter>Network\Game</Filter>
    </ClCompile>
    <ClCompile Include="Sprite.cpp">
      <Filter>Graphics</Filter>
    </ClCompile>
    <ClCompile Include="Engine.cpp">
      <Filter>Game</Filter>
    </ClCompile>
  </ItemGroup>
  <ItemGroup>
    <ClInclude Include="..\Shared\BaseEntity.h">
      <Filter>Shared\Entities</Filter>
    </ClInclude>
    <ClInclude Include="..\Shared\PlayerEntity.h">
      <Filter>Shared\Entities</Filter>
    </ClInclude>
    <ClInclude Include="..\Shared\ProjectileEntity.h">
      <Filter>Shared\Entities</Filter>
    </ClInclude>
    <ClInclude Include="..\Shared\InBuffer.h">
      <Filter>Shared\Buffers</Filter>
    </ClInclude>
    <ClInclude Include="..\Shared\OutBuffer.h">
      <Filter>Shared\Buffers</Filter>
    </ClInclude>
    <ClInclude Include="..\Shared\Message.h">
      <Filter>Shared\Buffers</Filter>
    </ClInclude>
    <ClInclude Include="..\Shared\maths.h">
      <Filter>Shared\Utils</Filter>
    </ClInclude>
    <ClInclude Include="..\Shared\Rectangle.h">
      <Filter>Shared\Utils</Filter>
    </ClInclude>
    <ClInclude Include="..\Shared\Singleton.h">
      <Filter>Shared\Utils</Filter>
    </ClInclude>
    <ClInclude Include="..\Shared\Timer.h">
      <Filter>Shared\Utils</Filter>
    </ClInclude>
    <ClInclude Include="..\Shared\Utils.h">
      <Filter>Shared\Utils</Filter>
    </ClInclude>
    <ClInclude Include="..\Shared\types.h">
      <Filter>Shared\Utils</Filter>
    </ClInclude>
    <ClInclude Include="Visualisation.h">
      <Filter>Graphics</Filter>
    </ClInclude>
    <ClInclude Include="Extrapolator.h">
      <Filter>Network\Game</Filter>
    </ClInclude>
    <ClInclude Include="Correction.h">
      <Filter>Network\Game</Filter>
    </ClInclude>
    <ClInclude Include="World.h">
      <Filter>Network\Game</Filter>
    </ClInclude>
    <ClInclude Include="SDL_Collide.h">
      <Filter>Network\Game</Filter>
    </ClInclude>
    <ClInclude Include="Input.h">
      <Filter>Network\Game</Filter>
    </ClInclude>
    <ClInclude Include="UDPClient.h">
      <Filter>Network</Filter>
    </ClInclude>
    <ClInclude Include="TCPClient.h">
      <Filter>Network</Filter>
    </ClInclude>
    <ClInclude Include="Sprite.h">
      <Filter>Graphics</Filter>
    </ClInclude>
    <ClInclude Include="Engine.h">
      <Filter>Game</Filter>
    </ClInclude>
  </ItemGroup>
</Project>